<?xml version="1.0" encoding="utf-8"?>
<Project ToolsVersion="4.0" xmlns="http://schemas.microsoft.com/developer/msbuild/2003">
  <ItemGroup>
    <Filter Include="소스 파일">
      <UniqueIdentifier>{4FC737F1-C7A5-4376-A066-2A32D752A2FF}</UniqueIdentifier>
      <Extensions>cpp;c;cc;cxx;c++;cppm;ixx;def;odl;idl;hpj;bat;asm;asmx</Extensions>
    </Filter>
    <Filter Include="헤더 파일">
      <UniqueIdentifier>{93995380-89BD-4b04-88EB-625FBE52EBFB}</UniqueIdentifier>
      <Extensions>h;hh;hpp;hxx;h++;hm;inl;inc;ipp;xsd</Extensions>
    </Filter>
    <Filter Include="리소스 파일">
      <UniqueIdentifier>{67DA6AB6-F800-4c08-8B7A-83BB121AAD01}</UniqueIdentifier>
      <Extensions>rc;ico;cur;bmp;dlg;rc2;rct;bin;rgs;gif;jpg;jpeg;jpe;resx;tiff;tif;png;wav;mfcribbon-ms</Extensions>
    </Filter>
  </ItemGroup>
  <ItemGroup>
    <ClInclude Include="framework.h">
      <Filter>헤더 파일</Filter>
    </ClInclude>
    <ClInclude Include="targetver.h">
      <Filter>헤더 파일</Filter>
    </ClInclude>
    <ClInclude Include="Resource.h">
      <Filter>헤더 파일</Filter>
    </ClInclude>
    <ClInclude Include="Project.h">
      <Filter>헤더 파일</Filter>
    </ClInclude>
    <ClInclude Include="Framework\Device\Device.h">
      <Filter>헤더 파일</Filter>
    </ClInclude>
    <ClInclude Include="Types.h">
      <Filter>헤더 파일</Filter>
    </ClInclude>
    <ClInclude Include="Framework\Render\ConstantBuffer.h">
      <Filter>헤더 파일</Filter>
    </ClInclude>
    <ClInclude Include="Framework\Render\GlobalBuffer.h">
      <Filter>헤더 파일</Filter>
    </ClInclude>
    <ClInclude Include="Framework\Render\IndexBuffer.h">
      <Filter>헤더 파일</Filter>
    </ClInclude>
    <ClInclude Include="Framework\Render\PixelShader.h">
      <Filter>헤더 파일</Filter>
    </ClInclude>
    <ClInclude Include="Framework\Render\Shader.h">
      <Filter>헤더 파일</Filter>
    </ClInclude>
    <ClInclude Include="Framework\Render\ShaderManager.h">
      <Filter>헤더 파일</Filter>
    </ClInclude>
    <ClInclude Include="Framework\Render\VertexBuffer.h">
      <Filter>헤더 파일</Filter>
    </ClInclude>
    <ClInclude Include="Framework\Render\VertexLayOut.h">
      <Filter>헤더 파일</Filter>
    </ClInclude>
    <ClInclude Include="Framework\Render\VertexShader.h">
      <Filter>헤더 파일</Filter>
    </ClInclude>
    <ClInclude Include="Framework\Texture\BlendState.h">
      <Filter>헤더 파일</Filter>
    </ClInclude>
    <ClInclude Include="Framework\Texture\SamplerState.h">
      <Filter>헤더 파일</Filter>
    </ClInclude>
    <ClInclude Include="Framework\Texture\SRV.h">
      <Filter>헤더 파일</Filter>
    </ClInclude>
    <ClInclude Include="Framework\Texture\SRVManager.h">
      <Filter>헤더 파일</Filter>
    </ClInclude>
    <ClInclude Include="Framework\Texture\StateManager.h">
      <Filter>헤더 파일</Filter>
    </ClInclude>
    <ClInclude Include="Framework\Math\CircleCollider.h">
      <Filter>헤더 파일</Filter>
    </ClInclude>
    <ClInclude Include="Framework\Math\Collider.h">
      <Filter>헤더 파일</Filter>
    </ClInclude>
    <ClInclude Include="Framework\Math\MathUtility.h">
      <Filter>헤더 파일</Filter>
    </ClInclude>
    <ClInclude Include="Framework\Math\RectCollider.h">
      <Filter>헤더 파일</Filter>
    </ClInclude>
    <ClInclude Include="Framework\Math\Transform.h">
      <Filter>헤더 파일</Filter>
    </ClInclude>
    <ClInclude Include="Framework\Math\Vector2.h">
      <Filter>헤더 파일</Filter>
    </ClInclude>
    <ClInclude Include="Framework\Camera\Camera.h">
      <Filter>헤더 파일</Filter>
    </ClInclude>
    <ClInclude Include="Framework\Utility\Audio.h">
      <Filter>헤더 파일</Filter>
    </ClInclude>
    <ClInclude Include="Framework\Utility\BinaryReader.h">
      <Filter>헤더 파일</Filter>
    </ClInclude>
    <ClInclude Include="Framework\Utility\BinaryWriter.h">
      <Filter>헤더 파일</Filter>
    </ClInclude>
    <ClInclude Include="Framework\Utility\DirectWrite.h">
      <Filter>헤더 파일</Filter>
    </ClInclude>
    <ClInclude Include="Framework\Utility\Keyboard.h">
      <Filter>헤더 파일</Filter>
    </ClInclude>
    <ClInclude Include="Framework\Utility\MyXML.h">
      <Filter>헤더 파일</Filter>
    </ClInclude>
    <ClInclude Include="Framework\Utility\Timer.h">
      <Filter>헤더 파일</Filter>
    </ClInclude>
    <ClInclude Include="Framework\Utility\tinyxml2.h">
      <Filter>헤더 파일</Filter>
    </ClInclude>
    <ClInclude Include="Object\BasicObject\Effect.h">
      <Filter>헤더 파일</Filter>
    </ClInclude>
    <ClInclude Include="Object\BasicObject\EffectManager.h">
      <Filter>헤더 파일</Filter>
    </ClInclude>
    <ClInclude Include="Object\BasicObject\Quad.h">
      <Filter>헤더 파일</Filter>
    </ClInclude>
    <ClInclude Include="Object\BasicObject\Sprite.h">
      <Filter>헤더 파일</Filter>
    </ClInclude>
    <ClInclude Include="Scene\Scene.h">
      <Filter>헤더 파일</Filter>
    </ClInclude>
    <ClInclude Include="Scene\SceneManager.h">
      <Filter>헤더 파일</Filter>
    </ClInclude>
    <ClInclude Include="Program\Program.h">
      <Filter>헤더 파일</Filter>
    </ClInclude>
    <ClInclude Include="Framework\Animation\Action.h">
      <Filter>헤더 파일</Filter>
    </ClInclude>
    <ClInclude Include="Library\FMOD\inc\fmod.h">
      <Filter>헤더 파일</Filter>
    </ClInclude>
    <ClInclude Include="Library\FMOD\inc\fmod.hpp">
      <Filter>헤더 파일</Filter>
    </ClInclude>
    <ClInclude Include="Library\FMOD\inc\fmod_codec.h">
      <Filter>헤더 파일</Filter>
    </ClInclude>
    <ClInclude Include="Library\FMOD\inc\fmod_common.h">
      <Filter>헤더 파일</Filter>
    </ClInclude>
    <ClInclude Include="Library\FMOD\inc\fmod_dsp.h">
      <Filter>헤더 파일</Filter>
    </ClInclude>
    <ClInclude Include="Library\FMOD\inc\fmod_dsp_effects.h">
      <Filter>헤더 파일</Filter>
    </ClInclude>
    <ClInclude Include="Library\FMOD\inc\fmod_errors.h">
      <Filter>헤더 파일</Filter>
    </ClInclude>
    <ClInclude Include="Library\FMOD\inc\fmod_output.h">
      <Filter>헤더 파일</Filter>
    </ClInclude>
    <ClInclude Include="Object\GameObject\Brotato\Player\Bro_Player.h">
      <Filter>헤더 파일</Filter>
    </ClInclude>
    <ClInclude Include="Object\GameObject\Brotato\UI\Bro_BackGround.h">
      <Filter>헤더 파일</Filter>
    </ClInclude>
    <ClInclude Include="Scene\Brotato\BrotatoScene.h">
      <Filter>헤더 파일</Filter>
    </ClInclude>
    <ClInclude Include="Object\GameObject\Brotato\Monster\Bro_Monster.h">
      <Filter>헤더 파일</Filter>
    </ClInclude>
    <ClInclude Include="Object\GameObject\Brotato\Player\Player_Guns\Bro_Player_Gun.h">
      <Filter>헤더 파일</Filter>
    </ClInclude>
    <ClInclude Include="Object\GameObject\Brotato\Player\Player_Guns\Bro_Player_Bullet.h">
      <Filter>헤더 파일</Filter>
    </ClInclude>
    <ClInclude Include="Object\GameObject\Brotato\Player\Player_Guns\Bro_Player_SMG.h">
      <Filter>헤더 파일</Filter>
    </ClInclude>
    <ClInclude Include="Object\GameObject\Brotato\Player\Player_Guns\Bro_Player_RailGun.h">
      <Filter>헤더 파일</Filter>
    </ClInclude>
    <ClInclude Include="Object\GameObject\Brotato\UI\Bro_Resource.h">
      <Filter>헤더 파일</Filter>
    </ClInclude>
    <ClInclude Include="Scene\Brotato\Brotato_Store.h">
      <Filter>헤더 파일</Filter>
    </ClInclude>
    <ClInclude Include="Object\GameObject\Brotato\Player\Player_Guns\Bro_player_Bullet_Rail.h">
      <Filter>헤더 파일</Filter>
    </ClInclude>
    <ClInclude Include="Object\GameObject\Brotato\Player\Player_Guns\Bro_Player_Bullet_SMG.h">
      <Filter>헤더 파일</Filter>
    </ClInclude>
    <ClInclude Include="Framework\Utility\Button.h">
      <Filter>헤더 파일</Filter>
    </ClInclude>
    <ClInclude Include="Object\GameObject\Brotato\UI\Store_menu.h">
      <Filter>헤더 파일</Filter>
    </ClInclude>
    <ClInclude Include="Object\GameObject\Brotato\UI\Bro_icon.h">
      <Filter>헤더 파일</Filter>
    </ClInclude>
    <ClInclude Include="Object\GameObject\Brotato\UI\WeaponManger.h">
      <Filter>헤더 파일</Filter>
    </ClInclude>
  </ItemGroup>
  <ItemGroup>
    <ClCompile Include="Project.cpp">
      <Filter>소스 파일</Filter>
    </ClCompile>
    <ClCompile Include="Framework\Device\Device.cpp">
      <Filter>소스 파일</Filter>
    </ClCompile>
    <ClCompile Include="framework.cpp">
      <Filter>소스 파일</Filter>
    </ClCompile>
    <ClCompile Include="Framework\Render\ConstantBuffer.cpp">
      <Filter>소스 파일</Filter>
    </ClCompile>
    <ClCompile Include="Framework\Render\IndexBuffer.cpp">
      <Filter>소스 파일</Filter>
    </ClCompile>
    <ClCompile Include="Framework\Render\PixelShader.cpp">
      <Filter>소스 파일</Filter>
    </ClCompile>
    <ClCompile Include="Framework\Render\Shader.cpp">
      <Filter>소스 파일</Filter>
    </ClCompile>
    <ClCompile Include="Framework\Render\ShaderManager.cpp">
      <Filter>소스 파일</Filter>
    </ClCompile>
    <ClCompile Include="Framework\Render\VertexBuffer.cpp">
      <Filter>소스 파일</Filter>
    </ClCompile>
    <ClCompile Include="Framework\Render\VertexShader.cpp">
      <Filter>소스 파일</Filter>
    </ClCompile>
    <ClCompile Include="Framework\Texture\BlendState.cpp">
      <Filter>소스 파일</Filter>
    </ClCompile>
    <ClCompile Include="Framework\Texture\SamplerState.cpp">
      <Filter>소스 파일</Filter>
    </ClCompile>
    <ClCompile Include="Framework\Texture\SRV.cpp">
      <Filter>소스 파일</Filter>
    </ClCompile>
    <ClCompile Include="Framework\Texture\SRVManager.cpp">
      <Filter>소스 파일</Filter>
    </ClCompile>
    <ClCompile Include="Framework\Texture\StateManager.cpp">
      <Filter>소스 파일</Filter>
    </ClCompile>
    <ClCompile Include="Framework\Math\CircleCollider.cpp">
      <Filter>소스 파일</Filter>
    </ClCompile>
    <ClCompile Include="Framework\Math\Collider.cpp">
      <Filter>소스 파일</Filter>
    </ClCompile>
    <ClCompile Include="Framework\Math\MathUtility.cpp">
      <Filter>소스 파일</Filter>
    </ClCompile>
    <ClCompile Include="Framework\Math\RectCollider.cpp">
      <Filter>소스 파일</Filter>
    </ClCompile>
    <ClCompile Include="Framework\Math\Transform.cpp">
      <Filter>소스 파일</Filter>
    </ClCompile>
    <ClCompile Include="Framework\Math\Vector2.cpp">
      <Filter>소스 파일</Filter>
    </ClCompile>
    <ClCompile Include="Framework\Camera\Camera.cpp">
      <Filter>소스 파일</Filter>
    </ClCompile>
    <ClCompile Include="Framework\Utility\Audio.cpp">
      <Filter>소스 파일</Filter>
    </ClCompile>
    <ClCompile Include="Framework\Utility\BinaryReader.cpp">
      <Filter>소스 파일</Filter>
    </ClCompile>
    <ClCompile Include="Framework\Utility\BinaryWriter.cpp">
      <Filter>소스 파일</Filter>
    </ClCompile>
    <ClCompile Include="Framework\Utility\DirectWrite.cpp">
      <Filter>소스 파일</Filter>
    </ClCompile>
    <ClCompile Include="Framework\Utility\Keyboard.cpp">
      <Filter>소스 파일</Filter>
    </ClCompile>
    <ClCompile Include="Framework\Utility\MyXML.cpp">
      <Filter>소스 파일</Filter>
    </ClCompile>
    <ClCompile Include="Framework\Utility\Timer.cpp">
      <Filter>소스 파일</Filter>
    </ClCompile>
    <ClCompile Include="Framework\Utility\tinyxml2.cpp">
      <Filter>소스 파일</Filter>
    </ClCompile>
    <ClCompile Include="Object\BasicObject\Effect.cpp">
      <Filter>소스 파일</Filter>
    </ClCompile>
    <ClCompile Include="Object\BasicObject\EffectManager.cpp">
      <Filter>소스 파일</Filter>
    </ClCompile>
    <ClCompile Include="Object\BasicObject\Quad.cpp">
      <Filter>소스 파일</Filter>
    </ClCompile>
    <ClCompile Include="Object\BasicObject\Sprite.cpp">
      <Filter>소스 파일</Filter>
    </ClCompile>
    <ClCompile Include="Scene\Scene.cpp">
      <Filter>소스 파일</Filter>
    </ClCompile>
    <ClCompile Include="Scene\SceneManager.cpp">
      <Filter>소스 파일</Filter>
    </ClCompile>
    <ClCompile Include="Program\Program.cpp">
      <Filter>소스 파일</Filter>
    </ClCompile>
    <ClCompile Include="Framework\Animation\Action.cpp">
      <Filter>소스 파일</Filter>
    </ClCompile>
    <ClCompile Include="Object\GameObject\Brotato\Player\Bro_Player.cpp">
      <Filter>소스 파일</Filter>
    </ClCompile>
    <ClCompile Include="Object\GameObject\Brotato\UI\Bro_BackGround.cpp">
      <Filter>소스 파일</Filter>
    </ClCompile>
    <ClCompile Include="Scene\Brotato\BrotatoScene.cpp">
      <Filter>소스 파일</Filter>
    </ClCompile>
    <ClCompile Include="Object\GameObject\Brotato\Monster\Bro_Monster.cpp">
      <Filter>소스 파일</Filter>
    </ClCompile>
    <ClCompile Include="Object\GameObject\Brotato\Player\Player_Guns\Bro_Player_Gun.cpp">
      <Filter>소스 파일</Filter>
    </ClCompile>
    <ClCompile Include="Object\GameObject\Brotato\Player\Player_Guns\Bro_Player_Bullet.cpp">
      <Filter>소스 파일</Filter>
    </ClCompile>
    <ClCompile Include="Object\GameObject\Brotato\Player\Player_Guns\Bro_Player_SMG.cpp">
      <Filter>소스 파일</Filter>
    </ClCompile>
    <ClCompile Include="Object\GameObject\Brotato\Player\Player_Guns\Bro_Player_RailGun.cpp">
      <Filter>소스 파일</Filter>
    </ClCompile>
    <ClCompile Include="Object\GameObject\Brotato\UI\Bro_Resource.cpp">
      <Filter>소스 파일</Filter>
    </ClCompile>
    <ClCompile Include="Scene\Brotato\Brotato_Store.cpp">
      <Filter>소스 파일</Filter>
    </ClCompile>
    <ClCompile Include="Object\GameObject\Brotato\Player\Player_Guns\Bro_player_Bullet_Rail.cpp">
      <Filter>소스 파일</Filter>
    </ClCompile>
    <ClCompile Include="Object\GameObject\Brotato\Player\Player_Guns\Bro_Player_Bullet_SMG.cpp">
      <Filter>소스 파일</Filter>
    </ClCompile>
    <ClCompile Include="Framework\Utility\Button.cpp">
      <Filter>소스 파일</Filter>
    </ClCompile>
    <ClCompile Include="Object\GameObject\Brotato\UI\Store_menu.cpp">
      <Filter>소스 파일</Filter>
    </ClCompile>
    <ClCompile Include="Object\GameObject\Brotato\UI\Bro_icon.cpp">
      <Filter>소스 파일</Filter>
    </ClCompile>
    <ClCompile Include="Object\GameObject\Brotato\UI\WeaponManger.cpp">
      <Filter>소스 파일</Filter>
    </ClCompile>
  </ItemGroup>
  <ItemGroup>
    <ResourceCompile Include="Project.rc">
      <Filter>리소스 파일</Filter>
    </ResourceCompile>
  </ItemGroup>
  <ItemGroup>
    <Image Include="small.ico">
      <Filter>리소스 파일</Filter>
    </Image>
    <Image Include="Project.ico">
      <Filter>리소스 파일</Filter>
    </Image>
    <Image Include="Resource\Brotato\BackGround\Bro_Background.png">
      <Filter>리소스 파일</Filter>
    </Image>
    <Image Include="Resource\Brotato\Player\Player.png">
      <Filter>리소스 파일</Filter>
    </Image>
    <Image Include="Resource\Brotato\Gun\gun.png">
      <Filter>리소스 파일</Filter>
    </Image>
    <Image Include="Resource\Brotato\Gun\SMG.png">
      <Filter>리소스 파일</Filter>
    </Image>
    <Image Include="Resource\Brotato\Gun\레이저총.png">
      <Filter>리소스 파일</Filter>
    </Image>
    <Image Include="Resource\Brotato\Gun\미니건.png">
      <Filter>리소스 파일</Filter>
    </Image>
    <Image Include="Resource\Brotato\Gun\샷건.png">
      <Filter>리소스 파일</Filter>
    </Image>
    <Image Include="Resource\Brotato\Gun\의료용 총.png">
      <Filter>리소스 파일</Filter>
    </Image>
    <Image Include="Resource\Brotato\Gun\테이저.png">
      <Filter>리소스 파일</Filter>
    </Image>
    <Image Include="Resource\Brotato\Gun\화염방사기.png">
      <Filter>리소스 파일</Filter>
    </Image>
    <Image Include="Resource\Brotato\Effect\Bullet.png">
      <Filter>리소스 파일</Filter>
    </Image>
  </ItemGroup>
  <ItemGroup>
    <FxCompile Include="Shaders\tutorial.hlsl" />
    <FxCompile Include="Shaders\TexturePixelShader.hlsl" />
    <FxCompile Include="Shaders\TextureVertexShader.hlsl" />
    <FxCompile Include="Shaders\ActionPixelShader.hlsl" />
    <FxCompile Include="Shaders\ButtonPixelShader.hlsl" />
    <FxCompile Include="Shaders\SpritePixelShader.hlsl" />
    <FxCompile Include="Shaders\ColliderShader\ColliderPixelShader.hlsl" />
    <FxCompile Include="Shaders\ColliderShader\ColliderVertexShader.hlsl" />
  </ItemGroup>
  <ItemGroup>
    <Library Include="Library\FMOD\fmod_vc.lib" />
  </ItemGroup>
  <ItemGroup>
    <None Include="Library\FMOD\inc\fmod.cs" />
    <None Include="Library\FMOD\inc\fmod_dsp.cs" />
    <None Include="Library\FMOD\inc\fmod_errors.cs" />
  </ItemGroup>
</Project>